// !$*UTF8*$!
{
	archiveVersion = 1;
	classes = {
	};
	objectVersion = 77;
	objects = {

/* Begin PBXContainerItemProxy section */
		ACFCA7B22D5E4C9F0006ED2A /* PBXContainerItemProxy */ = {
			isa = PBXContainerItemProxy;
			containerPortal = ACFCA7992D5E4C9D0006ED2A /* Project object */;
			proxyType = 1;
			remoteGlobalIDString = ACFCA7A02D5E4C9D0006ED2A;
			remoteInfo = proyectoFinal;
		};
		ACFCA7BC2D5E4C9F0006ED2A /* PBXContainerItemProxy */ = {
			isa = PBXContainerItemProxy;
			containerPortal = ACFCA7992D5E4C9D0006ED2A /* Project object */;
			proxyType = 1;
			remoteGlobalIDString = ACFCA7A02D5E4C9D0006ED2A;
			remoteInfo = proyectoFinal;
		};
/* End PBXContainerItemProxy section */

/* Begin PBXFileReference section */
		ACFCA7A12D5E4C9D0006ED2A /* proyectoFinal.app */ = {isa = PBXFileReference; explicitFileType = wrapper.application; includeInIndex = 0; path = proyectoFinal.app; sourceTree = BUILT_PRODUCTS_DIR; };
		ACFCA7B12D5E4C9F0006ED2A /* proyectoFinalTests.xctest */ = {isa = PBXFileReference; explicitFileType = wrapper.cfbundle; includeInIndex = 0; path = proyectoFinalTests.xctest; sourceTree = BUILT_PRODUCTS_DIR; };
		ACFCA7BB2D5E4C9F0006ED2A /* proyectoFinalUITests.xctest */ = {isa = PBXFileReference; explicitFileType = wrapper.cfbundle; includeInIndex = 0; path = proyectoFinalUITests.xctest; sourceTree = BUILT_PRODUCTS_DIR; };
/* End PBXFileReference section */

/* Begin PBXFileSystemSynchronizedRootGroup section */
		ACFCA7A32D5E4C9D0006ED2A /* proyectoFinal */ = {
			isa = PBXFileSystemSynchronizedRootGroup;
			path = proyectoFinal;
			sourceTree = "<group>";
		};
		ACFCA7B42D5E4C9F0006ED2A /* proyectoFinalTests */ = {
			isa = PBXFileSystemSynchronizedRootGroup;
			path = proyectoFinalTests;
			sourceTree = "<group>";
		};
		ACFCA7BE2D5E4C9F0006ED2A /* proyectoFinalUITests */ = {
			isa = PBXFileSystemSynchronizedRootGroup;
			path = proyectoFinalUITests;
			sourceTree = "<group>";
		};
/* End PBXFileSystemSynchronizedRootGroup section */

/* Begin PBXFrameworksBuildPhase section */
		ACFCA79E2D5E4C9D0006ED2A /* Frameworks */ = {
			isa = PBXFrameworksBuildPhase;
			buildActionMask = 2147483647;
			files = (
			);
			runOnlyForDeploymentPostprocessing = 0;
		};
		ACFCA7AE2D5E4C9F0006ED2A /* Frameworks */ = {
			isa = PBXFrameworksBuildPhase;
			buildActionMask = 2147483647;
			files = (
			);
			runOnlyForDeploymentPostprocessing = 0;
		};
		ACFCA7B82D5E4C9F0006ED2A /* Frameworks */ = {
			isa = PBXFrameworksBuildPhase;
			buildActionMask = 2147483647;
			files = (
			);
			runOnlyForDeploymentPostprocessing = 0;
		};
/* End PBXFrameworksBuildPhase section */

/* Begin PBXGroup section */
		ACFCA7982D5E4C9D0006ED2A = {
			isa = PBXGroup;
			children = (
				ACFCA7A32D5E4C9D0006ED2A /* proyectoFinal */,
				ACFCA7B42D5E4C9F0006ED2A /* proyectoFinalTests */,
				ACFCA7BE2D5E4C9F0006ED2A /* proyectoFinalUITests */,
				ACFCA7A22D5E4C9D0006ED2A /* Products */,
			);
			sourceTree = "<group>";
		};
		ACFCA7A22D5E4C9D0006ED2A /* Products */ = {
			isa = PBXGroup;
			children = (
				ACFCA7A12D5E4C9D0006ED2A /* proyectoFinal.app */,
				ACFCA7B12D5E4C9F0006ED2A /* proyectoFinalTests.xctest */,
				ACFCA7BB2D5E4C9F0006ED2A /* proyectoFinalUITests.xctest */,
			);
			name = Products;
			sourceTree = "<group>";
		};
/* End PBXGroup section */

/* Begin PBXNativeTarget section */
		ACFCA7A02D5E4C9D0006ED2A /* proyectoFinal */ = {
			isa = PBXNativeTarget;
			buildConfigurationList = ACFCA7C52D5E4C9F0006ED2A /* Build configuration list for PBXNativeTarget "proyectoFinal" */;
			buildPhases = (
				ACFCA79D2D5E4C9D0006ED2A /* Sources */,
				ACFCA79E2D5E4C9D0006ED2A /* Frameworks */,
				ACFCA79F2D5E4C9D0006ED2A /* Resources */,
			);
			buildRules = (
			);
			dependencies = (
			);
			fileSystemSynchronizedGroups = (
				ACFCA7A32D5E4C9D0006ED2A /* proyectoFinal */,
			);
			name = proyectoFinal;
			packageProductDependencies = (
			);
			productName = proyectoFinal;
			productReference = ACFCA7A12D5E4C9D0006ED2A /* proyectoFinal.app */;
			productType = "com.apple.product-type.application";
		};
		ACFCA7B02D5E4C9F0006ED2A /* proyectoFinalTests */ = {
			isa = PBXNativeTarget;
			buildConfigurationList = ACFCA7C82D5E4C9F0006ED2A /* Build configuration list for PBXNativeTarget "proyectoFinalTests" */;
			buildPhases = (
				ACFCA7AD2D5E4C9F0006ED2A /* Sources */,
				ACFCA7AE2D5E4C9F0006ED2A /* Frameworks */,
				ACFCA7AF2D5E4C9F0006ED2A /* Resources */,
			);
			buildRules = (
			);
			dependencies = (
				ACFCA7B32D5E4C9F0006ED2A /* PBXTargetDependency */,
			);
			fileSystemSynchronizedGroups = (
				ACFCA7B42D5E4C9F0006ED2A /* proyectoFinalTests */,
			);
			name = proyectoFinalTests;
			packageProductDependencies = (
			);
			productName = proyectoFinalTests;
			productReference = ACFCA7B12D5E4C9F0006ED2A /* proyectoFinalTests.xctest */;
			productType = "com.apple.product-type.bundle.unit-test";
		};
		ACFCA7BA2D5E4C9F0006ED2A /* proyectoFinalUITests */ = {
			isa = PBXNativeTarget;
			buildConfigurationList = ACFCA7CB2D5E4C9F0006ED2A /* Build configuration list for PBXNativeTarget "proyectoFinalUITests" */;
			buildPhases = (
				ACFCA7B72D5E4C9F0006ED2A /* Sources */,
				ACFCA7B82D5E4C9F0006ED2A /* Frameworks */,
				ACFCA7B92D5E4C9F0006ED2A /* Resources */,
			);
			buildRules = (
			);
			dependencies = (
				ACFCA7BD2D5E4C9F0006ED2A /* PBXTargetDependency */,
			);
			fileSystemSynchronizedGroups = (
				ACFCA7BE2D5E4C9F0006ED2A /* proyectoFinalUITests */,
			);
			name = proyectoFinalUITests;
			packageProductDependencies = (
			);
			productName = proyectoFinalUITests;
			productReference = ACFCA7BB2D5E4C9F0006ED2A /* proyectoFinalUITests.xctest */;
			productType = "com.apple.product-type.bundle.ui-testing";
		};
/* End PBXNativeTarget section */

/* Begin PBXProject section */
		ACFCA7992D5E4C9D0006ED2A /* Project object */ = {
			isa = PBXProject;
			attributes = {
				BuildIndependentTargetsInParallel = 1;
				LastSwiftUpdateCheck = 1610;
				LastUpgradeCheck = 1610;
				TargetAttributes = {
					ACFCA7A02D5E4C9D0006ED2A = {
						CreatedOnToolsVersion = 16.1;
					};
					ACFCA7B02D5E4C9F0006ED2A = {
						CreatedOnToolsVersion = 16.1;
						TestTargetID = ACFCA7A02D5E4C9D0006ED2A;
					};
					ACFCA7BA2D5E4C9F0006ED2A = {
						CreatedOnToolsVersion = 16.1;
						TestTargetID = ACFCA7A02D5E4C9D0006ED2A;
					};
				};
			};
			buildConfigurationList = ACFCA79C2D5E4C9D0006ED2A /* Build configuration list for PBXProject "proyectoFinal" */;
			developmentRegion = en;
			hasScannedForEncodings = 0;
			knownRegions = (
				en,
				Base,
			);
			mainGroup = ACFCA7982D5E4C9D0006ED2A;
			minimizedProjectReferenceProxies = 1;
			preferredProjectObjectVersion = 77;
			productRefGroup = ACFCA7A22D5E4C9D0006ED2A /* Products */;
			projectDirPath = "";
			projectRoot = "";
			targets = (
				ACFCA7A02D5E4C9D0006ED2A /* proyectoFinal */,
				ACFCA7B02D5E4C9F0006ED2A /* proyectoFinalTests */,
				ACFCA7BA2D5E4C9F0006ED2A /* proyectoFinalUITests */,
			);
		};
/* End PBXProject section */

/* Begin PBXResourcesBuildPhase section */
		ACFCA79F2D5E4C9D0006ED2A /* Resources */ = {
			isa = PBXResourcesBuildPhase;
			buildActionMask = 2147483647;
			files = (
			);
			runOnlyForDeploymentPostprocessing = 0;
		};
		ACFCA7AF2D5E4C9F0006ED2A /* Resources */ = {
			isa = PBXResourcesBuildPhase;
			buildActionMask = 2147483647;
			files = (
			);
			runOnlyForDeploymentPostprocessing = 0;
		};
		ACFCA7B92D5E4C9F0006ED2A /* Resources */ = {
			isa = PBXResourcesBuildPhase;
			buildActionMask = 2147483647;
			files = (
			);
			runOnlyForDeploymentPostprocessing = 0;
		};
/* End PBXResourcesBuildPhase section */

/* Begin PBXSourcesBuildPhase section */
		ACFCA79D2D5E4C9D0006ED2A /* Sources */ = {
			isa = PBXSourcesBuildPhase;
			buildActionMask = 2147483647;
			files = (
			);
			runOnlyForDeploymentPostprocessing = 0;
		};
		ACFCA7AD2D5E4C9F0006ED2A /* Sources */ = {
			isa = PBXSourcesBuildPhase;
			buildActionMask = 2147483647;
			files = (
			);
			runOnlyForDeploymentPostprocessing = 0;
		};
		ACFCA7B72D5E4C9F0006ED2A /* Sources */ = {
			isa = PBXSourcesBuildPhase;
			buildActionMask = 2147483647;
			files = (
			);
			runOnlyForDeploymentPostprocessing = 0;
		};
/* End PBXSourcesBuildPhase section */

/* Begin PBXTargetDependency section */
		ACFCA7B32D5E4C9F0006ED2A /* PBXTargetDependency */ = {
			isa = PBXTargetDependency;
			target = ACFCA7A02D5E4C9D0006ED2A /* proyectoFinal */;
			targetProxy = ACFCA7B22D5E4C9F0006ED2A /* PBXContainerItemProxy */;
		};
		ACFCA7BD2D5E4C9F0006ED2A /* PBXTargetDependency */ = {
			isa = PBXTargetDependency;
			target = ACFCA7A02D5E4C9D0006ED2A /* proyectoFinal */;
			targetProxy = ACFCA7BC2D5E4C9F0006ED2A /* PBXContainerItemProxy */;
		};
/* End PBXTargetDependency section */

/* Begin XCBuildConfiguration section */
		ACFCA7C32D5E4C9F0006ED2A /* Debug */ = {
			isa = XCBuildConfiguration;
			buildSettings = {
				ALWAYS_SEARCH_USER_PATHS = NO;
				ASSETCATALOG_COMPILER_GENERATE_SWIFT_ASSET_SYMBOL_EXTENSIONS = YES;
				CLANG_ANALYZER_NONNULL = YES;
				CLANG_ANALYZER_NUMBER_OBJECT_CONVERSION = YES_AGGRESSIVE;
				CLANG_CXX_LANGUAGE_STANDARD = "gnu++20";
				CLANG_ENABLE_MODULES = YES;
				CLANG_ENABLE_OBJC_ARC = YES;
				CLANG_ENABLE_OBJC_WEAK = YES;
				CLANG_WARN_BLOCK_CAPTURE_AUTORELEASING = YES;
				CLANG_WARN_BOOL_CONVERSION = YES;
				CLANG_WARN_COMMA = YES;
				CLANG_WARN_CONSTANT_CONVERSION = YES;
				CLANG_WARN_DEPRECATED_OBJC_IMPLEMENTATIONS = YES;
				CLANG_WARN_DIRECT_OBJC_ISA_USAGE = YES_ERROR;
				CLANG_WARN_DOCUMENTATION_COMMENTS = YES;
				CLANG_WARN_EMPTY_BODY = YES;
				CLANG_WARN_ENUM_CONVERSION = YES;
				CLANG_WARN_INFINITE_RECURSION = YES;
				CLANG_WARN_INT_CONVERSION = YES;
				CLANG_WARN_NON_LITERAL_NULL_CONVERSION = YES;
				CLANG_WARN_OBJC_IMPLICIT_RETAIN_SELF = YES;
				CLANG_WARN_OBJC_LITERAL_CONVERSION = YES;
				CLANG_WARN_OBJC_ROOT_CLASS = YES_ERROR;
				CLANG_WARN_QUOTED_INCLUDE_IN_FRAMEWORK_HEADER = YES;
				CLANG_WARN_RANGE_LOOP_ANALYSIS = YES;
				CLANG_WARN_STRICT_PROTOTYPES = YES;
				CLANG_WARN_SUSPICIOUS_MOVE = YES;
				CLANG_WARN_UNGUARDED_AVAILABILITY = YES_AGGRESSIVE;
				CLANG_WARN_UNREACHABLE_CODE = YES;
				CLANG_WARN__DUPLICATE_METHOD_MATCH = YES;
				COPY_PHASE_STRIP = NO;
				DEBUG_INFORMATION_FORMAT = dwarf;
				ENABLE_STRICT_OBJC_MSGSEND = YES;
				ENABLE_TESTABILITY = YES;
				ENABLE_USER_SCRIPT_SANDBOXING = YES;
				GCC_C_LANGUAGE_STANDARD = gnu17;
				GCC_DYNAMIC_NO_PIC = NO;
				GCC_NO_COMMON_BLOCKS = YES;
				GCC_OPTIMIZATION_LEVEL = 0;
				GCC_PREPROCESSOR_DEFINITIONS = (
					"DEBUG=1",
					"$(inherited)",
				);
				GCC_WARN_64_TO_32_BIT_CONVERSION = YES;
				GCC_WARN_ABOUT_RETURN_TYPE = YES_ERROR;
				GCC_WARN_UNDECLARED_SELECTOR = YES;
				GCC_WARN_UNINITIALIZED_AUTOS = YES_AGGRESSIVE;
				GCC_WARN_UNUSED_FUNCTION = YES;
				GCC_WARN_UNUSED_VARIABLE = YES;
				IPHONEOS_DEPLOYMENT_TARGET = 18.1;
				LOCALIZATION_PREFERS_STRING_CATALOGS = YES;
				MTL_ENABLE_DEBUG_INFO = INCLUDE_SOURCE;
				MTL_FAST_MATH = YES;
				ONLY_ACTIVE_ARCH = YES;
				SDKROOT = iphoneos;
				SWIFT_ACTIVE_COMPILATION_CONDITIONS = "DEBUG $(inherited)";
				SWIFT_OPTIMIZATION_LEVEL = "-Onone";
			};
			name = Debug;
		};
		ACFCA7C42D5E4C9F0006ED2A /* Release */ = {
			isa = XCBuildConfiguration;
			buildSettings = {
				ALWAYS_SEARCH_USER_PATHS = NO;
				ASSETCATALOG_COMPILER_GENERATE_SWIFT_ASSET_SYMBOL_EXTENSIONS = YES;
				CLANG_ANALYZER_NONNULL = YES;
				CLANG_ANALYZER_NUMBER_OBJECT_CONVERSION = YES_AGGRESSIVE;
				CLANG_CXX_LANGUAGE_STANDARD = "gnu++20";
				CLANG_ENABLE_MODULES = YES;
				CLANG_ENABLE_OBJC_ARC = YES;
				CLANG_ENABLE_OBJC_WEAK = YES;
				CLANG_WARN_BLOCK_CAPTURE_AUTORELEASING = YES;
				CLANG_WARN_BOOL_CONVERSION = YES;
				CLANG_WARN_COMMA = YES;
				CLANG_WARN_CONSTANT_CONVERSION = YES;
				CLANG_WARN_DEPRECATED_OBJC_IMPLEMENTATIONS = YES;
				CLANG_WARN_DIRECT_OBJC_ISA_USAGE = YES_ERROR;
				CLANG_WARN_DOCUMENTATION_COMMENTS = YES;
				CLANG_WARN_EMPTY_BODY = YES;
				CLANG_WARN_ENUM_CONVERSION = YES;
				CLANG_WARN_INFINITE_RECURSION = YES;
				CLANG_WARN_INT_CONVERSION = YES;
				CLANG_WARN_NON_LITERAL_NULL_CONVERSION = YES;
				CLANG_WARN_OBJC_IMPLICIT_RETAIN_SELF = YES;
				CLANG_WARN_OBJC_LITERAL_CONVERSION = YES;
				CLANG_WARN_OBJC_ROOT_CLASS = YES_ERROR;
				CLANG_WARN_QUOTED_INCLUDE_IN_FRAMEWORK_HEADER = YES;
				CLANG_WARN_RANGE_LOOP_ANALYSIS = YES;
				CLANG_WARN_STRICT_PROTOTYPES = YES;
				CLANG_WARN_SUSPICIOUS_MOVE = YES;
				CLANG_WARN_UNGUARDED_AVAILABILITY = YES_AGGRESSIVE;
				CLANG_WARN_UNREACHABLE_CODE = YES;
				CLANG_WARN__DUPLICATE_METHOD_MATCH = YES;
				COPY_PHASE_STRIP = NO;
				DEBUG_INFORMATION_FORMAT = "dwarf-with-dsym";
				ENABLE_NS_ASSERTIONS = NO;
				ENABLE_STRICT_OBJC_MSGSEND = YES;
				ENABLE_USER_SCRIPT_SANDBOXING = YES;
				GCC_C_LANGUAGE_STANDARD = gnu17;
				GCC_NO_COMMON_BLOCKS = YES;
				GCC_WARN_64_TO_32_BIT_CONVERSION = YES;
				GCC_WARN_ABOUT_RETURN_TYPE = YES_ERROR;
				GCC_WARN_UNDECLARED_SELECTOR = YES;
				GCC_WARN_UNINITIALIZED_AUTOS = YES_AGGRESSIVE;
				GCC_WARN_UNUSED_FUNCTION = YES;
				GCC_WARN_UNUSED_VARIABLE = YES;
				IPHONEOS_DEPLOYMENT_TARGET = 18.1;
				LOCALIZATION_PREFERS_STRING_CATALOGS = YES;
				MTL_ENABLE_DEBUG_INFO = NO;
				MTL_FAST_MATH = YES;
				SDKROOT = iphoneos;
				SWIFT_COMPILATION_MODE = wholemodule;
				VALIDATE_PRODUCT = YES;
			};
			name = Release;
		};
		ACFCA7C62D5E4C9F0006ED2A /* Debug */ = {
			isa = XCBuildConfiguration;
			buildSettings = {
				ASSETCATALOG_COMPILER_APPICON_NAME = AppIcon;
				ASSETCATALOG_COMPILER_GLOBAL_ACCENT_COLOR_NAME = AccentColor;
				CODE_SIGN_STYLE = Automatic;
				CURRENT_PROJECT_VERSION = 1;
				DEVELOPMENT_ASSET_PATHS = "\"proyectoFinal/Preview Content\"";
				ENABLE_PREVIEWS = YES;
				GENERATE_INFOPLIST_FILE = YES;
				INFOPLIST_KEY_UIApplicationSceneManifest_Generation = YES;
				INFOPLIST_KEY_UIApplicationSupportsIndirectInputEvents = YES;
				INFOPLIST_KEY_UILaunchScreen_Generation = YES;
				INFOPLIST_KEY_UISupportedInterfaceOrientations_iPad = "UIInterfaceOrientationPortrait UIInterfaceOrientationPortraitUpsideDown UIInterfaceOrientationLandscapeLeft UIInterfaceOrientationLandscapeRight";
				INFOPLIST_KEY_UISupportedInterfaceOrientations_iPhone = "UIInterfaceOrientationPortrait UIInterfaceOrientationLandscapeLeft UIInterfaceOrientationLandscapeRight";
				LD_RUNPATH_SEARCH_PATHS = (
					"$(inherited)",
					"@executable_path/Frameworks",
				);
				MARKETING_VERSION = 1.0;
				PRODUCT_BUNDLE_IDENTIFIER = proyectoFinal.proyectoFinal;
				PRODUCT_NAME = "$(TARGET_NAME)";
				SWIFT_EMIT_LOC_STRINGS = YES;
				SWIFT_VERSION = 5.0;
				TARGETED_DEVICE_FAMILY = "1,2";
			};
			name = Debug;
		};
		ACFCA7C72D5E4C9F0006ED2A /* Release */ = {
			isa = XCBuildConfiguration;
			buildSettings = {
				ASSETCATALOG_COMPILER_APPICON_NAME = AppIcon;
				ASSETCATALOG_COMPILER_GLOBAL_ACCENT_COLOR_NAME = AccentColor;
				CODE_SIGN_STYLE = Automatic;
				CURRENT_PROJECT_VERSION = 1;
				DEVELOPMENT_ASSET_PATHS = "\"proyectoFinal/Preview Content\"";
				ENABLE_PREVIEWS = YES;
				GENERATE_INFOPLIST_FILE = YES;
				INFOPLIST_KEY_UIApplicationSceneManifest_Generation = YES;
				INFOPLIST_KEY_UIApplicationSupportsIndirectInputEvents = YES;
				INFOPLIST_KEY_UILaunchScreen_Generation = YES;
				INFOPLIST_KEY_UISupportedInterfaceOrientations_iPad = "UIInterfaceOrientationPortrait UIInterfaceOrientationPortraitUpsideDown UIInterfaceOrientationLandscapeLeft UIInterfaceOrientationLandscapeRight";
				INFOPLIST_KEY_UISupportedInterfaceOrientations_iPhone = "UIInterfaceOrientationPortrait UIInterfaceOrientationLandscapeLeft UIInterfaceOrientationLandscapeRight";
				LD_RUNPATH_SEARCH_PATHS = (
					"$(inherited)",
					"@executable_path/Frameworks",
				);
				MARKETING_VERSION = 1.0;
				PRODUCT_BUNDLE_IDENTIFIER = proyectoFinal.proyectoFinal;
				PRODUCT_NAME = "$(TARGET_NAME)";
				SWIFT_EMIT_LOC_STRINGS = YES;
				SWIFT_VERSION = 5.0;
				TARGETED_DEVICE_FAMILY = "1,2";
			};
			name = Release;
		};
		ACFCA7C92D5E4C9F0006ED2A /* Debug */ = {
			isa = XCBuildConfiguration;
			buildSettings = {
				BUNDLE_LOADER = "$(TEST_HOST)";
				CODE_SIGN_STYLE = Automatic;
				CURRENT_PROJECT_VERSION = 1;
				GENERATE_INFOPLIST_FILE = YES;
				IPHONEOS_DEPLOYMENT_TARGET = 18.1;
				MARKETING_VERSION = 1.0;
				PRODUCT_BUNDLE_IDENTIFIER = proyectoFinal.proyectoFinalTests;
				PRODUCT_NAME = "$(TARGET_NAME)";
				SWIFT_EMIT_LOC_STRINGS = NO;
				SWIFT_VERSION = 5.0;
				TARGETED_DEVICE_FAMILY = "1,2";
				TEST_HOST = "$(BUILT_PRODUCTS_DIR)/proyectoFinal.app/$(BUNDLE_EXECUTABLE_FOLDER_PATH)/proyectoFinal";
			};
			name = Debug;
		};
		ACFCA7CA2D5E4C9F0006ED2A /* Release */ = {
			isa = XCBuildConfiguration;
			buildSettings = {
				BUNDLE_LOADER = "$(TEST_HOST)";
				CODE_SIGN_STYLE = Automatic;
				CURRENT_PROJECT_VERSION = 1;
				GENERATE_INFOPLIST_FILE = YES;
				IPHONEOS_DEPLOYMENT_TARGET = 18.1;
				MARKETING_VERSION = 1.0;
				PRODUCT_BUNDLE_IDENTIFIER = proyectoFinal.proyectoFinalTests;
				PRODUCT_NAME = "$(TARGET_NAME)";
				SWIFT_EMIT_LOC_STRINGS = NO;
				SWIFT_VERSION = 5.0;
				TARGETED_DEVICE_FAMILY = "1,2";
				TEST_HOST = "$(BUILT_PRODUCTS_DIR)/proyectoFinal.app/$(BUNDLE_EXECUTABLE_FOLDER_PATH)/proyectoFinal";
			};
			name = Release;
		};
		ACFCA7CC2D5E4C9F0006ED2A /* Debug */ = {
			isa = XCBuildConfiguration;
			buildSettings = {
				CODE_SIGN_STYLE = Automatic;
				CURRENT_PROJECT_VERSION = 1;
				GENERATE_INFOPLIST_FILE = YES;
				MARKETING_VERSION = 1.0;
				PRODUCT_BUNDLE_IDENTIFIER = proyectoFinal.proyectoFinalUITests;
				PRODUCT_NAME = "$(TARGET_NAME)";
				SWIFT_EMIT_LOC_STRINGS = NO;
				SWIFT_VERSION = 5.0;
				TARGETED_DEVICE_FAMILY = "1,2";
				TEST_TARGET_NAME = proyectoFinal;
			};
			name = Debug;
		};
		ACFCA7CD2D5E4C9F0006ED2A /* Release */ = {
			isa = XCBuildConfiguration;
			buildSettings = {
				CODE_SIGN_STYLE = Automatic;
				CURRENT_PROJECT_VERSION = 1;
				GENERATE_INFOPLIST_FILE = YES;
				MARKETING_VERSION = 1.0;
				PRODUCT_BUNDLE_IDENTIFIER = proyectoFinal.proyectoFinalUITests;
				PRODUCT_NAME = "$(TARGET_NAME)";
				SWIFT_EMIT_LOC_STRINGS = NO;
				SWIFT_VERSION = 5.0;
				TARGETED_DEVICE_FAMILY = "1,2";
				TEST_TARGET_NAME = proyectoFinal;
			};
			name = Release;
		};
/* End XCBuildConfiguration section */

/* Begin XCConfigurationList section */
		ACFCA79C2D5E4C9D0006ED2A /* Build configuration list for PBXProject "proyectoFinal" */ = {
			isa = XCConfigurationList;
			buildConfigurations = (
				ACFCA7C32D5E4C9F0006ED2A /* Debug */,
				ACFCA7C42D5E4C9F0006ED2A /* Release */,
			);
			defaultConfigurationIsVisible = 0;
			defaultConfigurationName = Release;
		};
		ACFCA7C52D5E4C9F0006ED2A /* Build configuration list for PBXNativeTarget "proyectoFinal" */ = {
			isa = XCConfigurationList;
			buildConfigurations = (
				ACFCA7C62D5E4C9F0006ED2A /* Debug */,
				ACFCA7C72D5E4C9F0006ED2A /* Release */,
			);
			defaultConfigurationIsVisible = 0;
			defaultConfigurationName = Release;
		};
		ACFCA7C82D5E4C9F0006ED2A /* Build configuration list for PBXNativeTarget "proyectoFinalTests" */ = {
			isa = XCConfigurationList;
			buildConfigurations = (
				ACFCA7C92D5E4C9F0006ED2A /* Debug */,
				ACFCA7CA2D5E4C9F0006ED2A /* Release */,
			);
			defaultConfigurationIsVisible = 0;
			defaultConfigurationName = Release;
		};
		ACFCA7CB2D5E4C9F0006ED2A /* Build configuration list for PBXNativeTarget "proyectoFinalUITests" */ = {
			isa = XCConfigurationList;
			buildConfigurations = (
				ACFCA7CC2D5E4C9F0006ED2A /* Debug */,
				ACFCA7CD2D5E4C9F0006ED2A /* Release */,
			);
			defaultConfigurationIsVisible = 0;
			defaultConfigurationName = Release;
		};
/* End XCConfigurationList section */
	};
	rootObject = ACFCA7992D5E4C9D0006ED2A /* Project object */;
}
